// !$*UTF8*$!
{
	archiveVersion = 1;
	classes = {
	};
	objectVersion = 46;
	objects = {

/* Begin PBXBuildFile section */
		8F6DC0BC2F1AEEC4313C7A3B /* libPods-MemoryLane.a in Frameworks */ = {isa = PBXBuildFile; fileRef = 20A3F3D5701367E580579CDB /* libPods-MemoryLane.a */; };
		D41074491D37D4E20019D1CB /* main.m in Sources */ = {isa = PBXBuildFile; fileRef = D41074481D37D4E20019D1CB /* main.m */; };
		D410744C1D37D4E20019D1CB /* AppDelegate.m in Sources */ = {isa = PBXBuildFile; fileRef = D410744B1D37D4E20019D1CB /* AppDelegate.m */; };
		D410744F1D37D4E20019D1CB /* LoginViewController.m in Sources */ = {isa = PBXBuildFile; fileRef = D410744E1D37D4E20019D1CB /* LoginViewController.m */; };
		D41074521D37D4E20019D1CB /* Main.storyboard in Resources */ = {isa = PBXBuildFile; fileRef = D41074501D37D4E20019D1CB /* Main.storyboard */; };
		D41074541D37D4E20019D1CB /* Assets.xcassets in Resources */ = {isa = PBXBuildFile; fileRef = D41074531D37D4E20019D1CB /* Assets.xcassets */; };
		D41074571D37D4E20019D1CB /* LaunchScreen.storyboard in Resources */ = {isa = PBXBuildFile; fileRef = D41074551D37D4E20019D1CB /* LaunchScreen.storyboard */; };
		D41074621D37D5860019D1CB /* User.m in Sources */ = {isa = PBXBuildFile; fileRef = D41074611D37D5860019D1CB /* User.m */; };
		D41074651D37D8FC0019D1CB /* GoogleService-Info.plist in Resources */ = {isa = PBXBuildFile; fileRef = D41074631D37D8FC0019D1CB /* GoogleService-Info.plist */; };
		D41074661D37D8FC0019D1CB /* PrivateInfo.plist in Resources */ = {isa = PBXBuildFile; fileRef = D41074641D37D8FC0019D1CB /* PrivateInfo.plist */; };
		D41074691D3802ED0019D1CB /* HomeViewController.m in Sources */ = {isa = PBXBuildFile; fileRef = D41074681D3802ED0019D1CB /* HomeViewController.m */; };
		D410746C1D3802FD0019D1CB /* MapViewController.m in Sources */ = {isa = PBXBuildFile; fileRef = D410746B1D3802FD0019D1CB /* MapViewController.m */; };
		D410746F1D3D12980019D1CB /* Photo.m in Sources */ = {isa = PBXBuildFile; fileRef = D410746E1D3D12980019D1CB /* Photo.m */; };
		D41074721D3D12B10019D1CB /* Location.m in Sources */ = {isa = PBXBuildFile; fileRef = D41074711D3D12B10019D1CB /* Location.m */; };
/* End PBXBuildFile section */

/* Begin PBXFileReference section */
		08DA1CDC7518DF3018C6144F /* Pods-MemoryLane.debug.xcconfig */ = {isa = PBXFileReference; includeInIndex = 1; lastKnownFileType = text.xcconfig; name = "Pods-MemoryLane.debug.xcconfig"; path = "Pods/Target Support Files/Pods-MemoryLane/Pods-MemoryLane.debug.xcconfig"; sourceTree = "<group>"; };
		20A3F3D5701367E580579CDB /* libPods-MemoryLane.a */ = {isa = PBXFileReference; explicitFileType = archive.ar; includeInIndex = 0; path = "libPods-MemoryLane.a"; sourceTree = BUILT_PRODUCTS_DIR; };
		B80A325D84A3056B7C165306 /* Pods-MemoryLane.release.xcconfig */ = {isa = PBXFileReference; includeInIndex = 1; lastKnownFileType = text.xcconfig; name = "Pods-MemoryLane.release.xcconfig"; path = "Pods/Target Support Files/Pods-MemoryLane/Pods-MemoryLane.release.xcconfig"; sourceTree = "<group>"; };
		D41074441D37D4E20019D1CB /* MemoryLane.app */ = {isa = PBXFileReference; explicitFileType = wrapper.application; includeInIndex = 0; path = MemoryLane.app; sourceTree = BUILT_PRODUCTS_DIR; };
		D41074481D37D4E20019D1CB /* main.m */ = {isa = PBXFileReference; lastKnownFileType = sourcecode.c.objc; path = main.m; sourceTree = "<group>"; };
		D410744A1D37D4E20019D1CB /* AppDelegate.h */ = {isa = PBXFileReference; lastKnownFileType = sourcecode.c.h; path = AppDelegate.h; sourceTree = "<group>"; };
		D410744B1D37D4E20019D1CB /* AppDelegate.m */ = {isa = PBXFileReference; lastKnownFileType = sourcecode.c.objc; path = AppDelegate.m; sourceTree = "<group>"; };
		D410744D1D37D4E20019D1CB /* LoginViewController.h */ = {isa = PBXFileReference; lastKnownFileType = sourcecode.c.h; path = LoginViewController.h; sourceTree = "<group>"; };
		D410744E1D37D4E20019D1CB /* LoginViewController.m */ = {isa = PBXFileReference; lastKnownFileType = sourcecode.c.objc; path = LoginViewController.m; sourceTree = "<group>"; };
		D41074511D37D4E20019D1CB /* Base */ = {isa = PBXFileReference; lastKnownFileType = file.storyboard; name = Base; path = Base.lproj/Main.storyboard; sourceTree = "<group>"; };
		D41074531D37D4E20019D1CB /* Assets.xcassets */ = {isa = PBXFileReference; lastKnownFileType = folder.assetcatalog; path = Assets.xcassets; sourceTree = "<group>"; };
		D41074561D37D4E20019D1CB /* Base */ = {isa = PBXFileReference; lastKnownFileType = file.storyboard; name = Base; path = Base.lproj/LaunchScreen.storyboard; sourceTree = "<group>"; };
		D41074581D37D4E20019D1CB /* Info.plist */ = {isa = PBXFileReference; lastKnownFileType = text.plist.xml; path = Info.plist; sourceTree = "<group>"; };
		D41074601D37D5860019D1CB /* User.h */ = {isa = PBXFileReference; fileEncoding = 4; lastKnownFileType = sourcecode.c.h; path = User.h; sourceTree = "<group>"; };
		D41074611D37D5860019D1CB /* User.m */ = {isa = PBXFileReference; fileEncoding = 4; lastKnownFileType = sourcecode.c.objc; path = User.m; sourceTree = "<group>"; };
		D41074631D37D8FC0019D1CB /* GoogleService-Info.plist */ = {isa = PBXFileReference; fileEncoding = 4; lastKnownFileType = text.plist.xml; path = "GoogleService-Info.plist"; sourceTree = "<group>"; };
		D41074641D37D8FC0019D1CB /* PrivateInfo.plist */ = {isa = PBXFileReference; fileEncoding = 4; lastKnownFileType = text.plist.xml; path = PrivateInfo.plist; sourceTree = "<group>"; };
		D41074671D3802ED0019D1CB /* HomeViewController.h */ = {isa = PBXFileReference; fileEncoding = 4; lastKnownFileType = sourcecode.c.h; path = HomeViewController.h; sourceTree = "<group>"; };
		D41074681D3802ED0019D1CB /* HomeViewController.m */ = {isa = PBXFileReference; fileEncoding = 4; lastKnownFileType = sourcecode.c.objc; path = HomeViewController.m; sourceTree = "<group>"; };
		D410746A1D3802FD0019D1CB /* MapViewController.h */ = {isa = PBXFileReference; fileEncoding = 4; lastKnownFileType = sourcecode.c.h; path = MapViewController.h; sourceTree = "<group>"; };
		D410746B1D3802FD0019D1CB /* MapViewController.m */ = {isa = PBXFileReference; fileEncoding = 4; lastKnownFileType = sourcecode.c.objc; path = MapViewController.m; sourceTree = "<group>"; };
		D410746D1D3D12980019D1CB /* Photo.h */ = {isa = PBXFileReference; fileEncoding = 4; lastKnownFileType = sourcecode.c.h; path = Photo.h; sourceTree = "<group>"; };
		D410746E1D3D12980019D1CB /* Photo.m */ = {isa = PBXFileReference; fileEncoding = 4; lastKnownFileType = sourcecode.c.objc; path = Photo.m; sourceTree = "<group>"; };
		D41074701D3D12B10019D1CB /* Location.h */ = {isa = PBXFileReference; fileEncoding = 4; lastKnownFileType = sourcecode.c.h; path = Location.h; sourceTree = "<group>"; };
		D41074711D3D12B10019D1CB /* Location.m */ = {isa = PBXFileReference; fileEncoding = 4; lastKnownFileType = sourcecode.c.objc; path = Location.m; sourceTree = "<group>"; };
		D41074731D3D1D900019D1CB /* CoreLocation.framework */ = {isa = PBXFileReference; lastKnownFileType = wrapper.framework; name = CoreLocation.framework; path = System/Library/Frameworks/CoreLocation.framework; sourceTree = SDKROOT; };
/* End PBXFileReference section */

/* Begin PBXFrameworksBuildPhase section */
		D41074411D37D4E10019D1CB /* Frameworks */ = {
			isa = PBXFrameworksBuildPhase;
			buildActionMask = 2147483647;
			files = (
				8F6DC0BC2F1AEEC4313C7A3B /* libPods-MemoryLane.a in Frameworks */,
			);
			runOnlyForDeploymentPostprocessing = 0;
		};
/* End PBXFrameworksBuildPhase section */

/* Begin PBXGroup section */
		60DE2E374F3C13FBA9DC9AF1 /* Frameworks */ = {
			isa = PBXGroup;
			children = (
				D41074731D3D1D900019D1CB /* CoreLocation.framework */,
				20A3F3D5701367E580579CDB /* libPods-MemoryLane.a */,
			);
			name = Frameworks;
			sourceTree = "<group>";
		};
		93502DE8644CDC8B30940FB3 /* Pods */ = {
			isa = PBXGroup;
			children = (
				08DA1CDC7518DF3018C6144F /* Pods-MemoryLane.debug.xcconfig */,
				B80A325D84A3056B7C165306 /* Pods-MemoryLane.release.xcconfig */,
			);
			name = Pods;
			sourceTree = "<group>";
		};
		D410743B1D37D4E10019D1CB = {
			isa = PBXGroup;
			children = (
				D41074461D37D4E20019D1CB /* MemoryLane */,
				D41074451D37D4E20019D1CB /* Products */,
				93502DE8644CDC8B30940FB3 /* Pods */,
				60DE2E374F3C13FBA9DC9AF1 /* Frameworks */,
			);
			sourceTree = "<group>";
		};
		D41074451D37D4E20019D1CB /* Products */ = {
			isa = PBXGroup;
			children = (
				D41074441D37D4E20019D1CB /* MemoryLane.app */,
			);
			name = Products;
			sourceTree = "<group>";
		};
		D41074461D37D4E20019D1CB /* MemoryLane */ = {
			isa = PBXGroup;
			children = (
				D41074501D37D4E20019D1CB /* Main.storyboard */,
				D410745F1D37D55E0019D1CB /* Models */,
				D410745E1D37D5520019D1CB /* Controllers */,
				D410744A1D37D4E20019D1CB /* AppDelegate.h */,
				D410744B1D37D4E20019D1CB /* AppDelegate.m */,
				D41074531D37D4E20019D1CB /* Assets.xcassets */,
				D41074551D37D4E20019D1CB /* LaunchScreen.storyboard */,
				D41074581D37D4E20019D1CB /* Info.plist */,
				D41074641D37D8FC0019D1CB /* PrivateInfo.plist */,
				D41074631D37D8FC0019D1CB /* GoogleService-Info.plist */,
				D41074471D37D4E20019D1CB /* Supporting Files */,
			);
			path = MemoryLane;
			sourceTree = "<group>";
		};
		D41074471D37D4E20019D1CB /* Supporting Files */ = {
			isa = PBXGroup;
			children = (
				D41074481D37D4E20019D1CB /* main.m */,
			);
			name = "Supporting Files";
			sourceTree = "<group>";
		};
		D410745E1D37D5520019D1CB /* Controllers */ = {
			isa = PBXGroup;
			children = (
				D41440F11D401F06006A882D /* not_used */,
				D410744D1D37D4E20019D1CB /* LoginViewController.h */,
				D410744E1D37D4E20019D1CB /* LoginViewController.m */,
				D410746A1D3802FD0019D1CB /* MapViewController.h */,
				D410746B1D3802FD0019D1CB /* MapViewController.m */,
			);
			name = Controllers;
			sourceTree = "<group>";
		};
		D410745F1D37D55E0019D1CB /* Models */ = {
			isa = PBXGroup;
			children = (
				D41074601D37D5860019D1CB /* User.h */,
				D41074611D37D5860019D1CB /* User.m */,
				D410746D1D3D12980019D1CB /* Photo.h */,
				D410746E1D3D12980019D1CB /* Photo.m */,
				D41074701D3D12B10019D1CB /* Location.h */,
				D41074711D3D12B10019D1CB /* Location.m */,
			);
			name = Models;
			sourceTree = "<group>";
		};
		D41440F11D401F06006A882D /* not_used */ = {
			isa = PBXGroup;
			children = (
				D41074671D3802ED0019D1CB /* HomeViewController.h */,
				D41074681D3802ED0019D1CB /* HomeViewController.m */,
			);
			name = not_used;
			sourceTree = "<group>";
		};
/* End PBXGroup section */

/* Begin PBXNativeTarget section */
		D41074431D37D4E10019D1CB /* MemoryLane */ = {
			isa = PBXNativeTarget;
			buildConfigurationList = D410745B1D37D4E20019D1CB /* Build configuration list for PBXNativeTarget "MemoryLane" */;
			buildPhases = (
				7A94FBA13432E96C0F6D71F4 /* [CP] Check Pods Manifest.lock */,
				D41074401D37D4E10019D1CB /* Sources */,
				D41074411D37D4E10019D1CB /* Frameworks */,
				D41074421D37D4E10019D1CB /* Resources */,
				0BFE71B11031C1E8A0B4B042 /* [CP] Embed Pods Frameworks */,
				0DE0A1D44B48B4F9C8213EAD /* [CP] Copy Pods Resources */,
			);
			buildRules = (
			);
			dependencies = (
			);
			name = MemoryLane;
			productName = MemoryLane;
			productReference = D41074441D37D4E20019D1CB /* MemoryLane.app */;
			productType = "com.apple.product-type.application";
		};
/* End PBXNativeTarget section */

/* Begin PBXProject section */
		D410743C1D37D4E10019D1CB /* Project object */ = {
			isa = PBXProject;
			attributes = {
				LastUpgradeCheck = 0730;
				ORGANIZATIONNAME = "Detroit Labs";
				TargetAttributes = {
					D41074431D37D4E10019D1CB = {
						CreatedOnToolsVersion = 7.3.1;
						DevelopmentTeam = 78KW6HP4LS;
					};
				};
			};
			buildConfigurationList = D410743F1D37D4E10019D1CB /* Build configuration list for PBXProject "MemoryLane" */;
			compatibilityVersion = "Xcode 3.2";
			developmentRegion = English;
			hasScannedForEncodings = 0;
			knownRegions = (
				en,
				Base,
			);
			mainGroup = D410743B1D37D4E10019D1CB;
			productRefGroup = D41074451D37D4E20019D1CB /* Products */;
			projectDirPath = "";
			projectRoot = "";
			targets = (
				D41074431D37D4E10019D1CB /* MemoryLane */,
			);
		};
/* End PBXProject section */

/* Begin PBXResourcesBuildPhase section */
		D41074421D37D4E10019D1CB /* Resources */ = {
			isa = PBXResourcesBuildPhase;
			buildActionMask = 2147483647;
			files = (
				D41074571D37D4E20019D1CB /* LaunchScreen.storyboard in Resources */,
				D41074651D37D8FC0019D1CB /* GoogleService-Info.plist in Resources */,
				D41074661D37D8FC0019D1CB /* PrivateInfo.plist in Resources */,
				D41074541D37D4E20019D1CB /* Assets.xcassets in Resources */,
				D41074521D37D4E20019D1CB /* Main.storyboard in Resources */,
			);
			runOnlyForDeploymentPostprocessing = 0;
		};
/* End PBXResourcesBuildPhase section */

/* Begin PBXShellScriptBuildPhase section */
		0BFE71B11031C1E8A0B4B042 /* [CP] Embed Pods Frameworks */ = {
			isa = PBXShellScriptBuildPhase;
			buildActionMask = 2147483647;
			files = (
			);
			inputPaths = (
			);
			name = "[CP] Embed Pods Frameworks";
			outputPaths = (
			);
			runOnlyForDeploymentPostprocessing = 0;
			shellPath = /bin/sh;
			shellScript = "\"${SRCROOT}/Pods/Target Support Files/Pods-MemoryLane/Pods-MemoryLane-frameworks.sh\"\n";
			showEnvVarsInLog = 0;
		};
		0DE0A1D44B48B4F9C8213EAD /* [CP] Copy Pods Resources */ = {
			isa = PBXShellScriptBuildPhase;
			buildActionMask = 2147483647;
			files = (
			);
			inputPaths = (
			);
			name = "[CP] Copy Pods Resources";
			outputPaths = (
			);
			runOnlyForDeploymentPostprocessing = 0;
			shellPath = /bin/sh;
			shellScript = "\"${SRCROOT}/Pods/Target Support Files/Pods-MemoryLane/Pods-MemoryLane-resources.sh\"\n";
			showEnvVarsInLog = 0;
		};
		7A94FBA13432E96C0F6D71F4 /* [CP] Check Pods Manifest.lock */ = {
			isa = PBXShellScriptBuildPhase;
			buildActionMask = 2147483647;
			files = (
			);
			inputPaths = (
			);
			name = "[CP] Check Pods Manifest.lock";
			outputPaths = (
			);
			runOnlyForDeploymentPostprocessing = 0;
			shellPath = /bin/sh;
			shellScript = "diff \"${PODS_ROOT}/../Podfile.lock\" \"${PODS_ROOT}/Manifest.lock\" > /dev/null\nif [[ $? != 0 ]] ; then\n    cat << EOM\nerror: The sandbox is not in sync with the Podfile.lock. Run 'pod install' or update your CocoaPods installation.\nEOM\n    exit 1\nfi\n";
			showEnvVarsInLog = 0;
		};
/* End PBXShellScriptBuildPhase section */

/* Begin PBXSourcesBuildPhase section */
		D41074401D37D4E10019D1CB /* Sources */ = {
			isa = PBXSourcesBuildPhase;
			buildActionMask = 2147483647;
			files = (
				D410746F1D3D12980019D1CB /* Photo.m in Sources */,
				D41074621D37D5860019D1CB /* User.m in Sources */,
				D410744F1D37D4E20019D1CB /* LoginViewController.m in Sources */,
				D410744C1D37D4E20019D1CB /* AppDelegate.m in Sources */,
				D410746C1D3802FD0019D1CB /* MapViewController.m in Sources */,
				D41074691D3802ED0019D1CB /* HomeViewController.m in Sources */,
				D41074721D3D12B10019D1CB /* Location.m in Sources */,
				D41074491D37D4E20019D1CB /* main.m in Sources */,
			);
			runOnlyForDeploymentPostprocessing = 0;
		};
/* End PBXSourcesBuildPhase section */

/* Begin PBXVariantGroup section */
		D41074501D37D4E20019D1CB /* Main.storyboard */ = {
			isa = PBXVariantGroup;
			children = (
				D41074511D37D4E20019D1CB /* Base */,
			);
			name = Main.storyboard;
			sourceTree = "<group>";
		};
		D41074551D37D4E20019D1CB /* LaunchScreen.storyboard */ = {
			isa = PBXVariantGroup;
			children = (
				D41074561D37D4E20019D1CB /* Base */,
			);
			name = LaunchScreen.storyboard;
			sourceTree = "<group>";
		};
/* End PBXVariantGroup section */

/* Begin XCBuildConfiguration section */
		D41074591D37D4E20019D1CB /* Debug */ = {
			isa = XCBuildConfiguration;
			buildSettings = {
				ALWAYS_SEARCH_USER_PATHS = NO;
				CLANG_ANALYZER_NONNULL = YES;
				CLANG_CXX_LANGUAGE_STANDARD = "gnu++0x";
				CLANG_CXX_LIBRARY = "libc++";
				CLANG_ENABLE_MODULES = YES;
				CLANG_ENABLE_OBJC_ARC = YES;
				CLANG_WARN_BOOL_CONVERSION = YES;
				CLANG_WARN_CONSTANT_CONVERSION = YES;
				CLANG_WARN_DIRECT_OBJC_ISA_USAGE = YES_ERROR;
				CLANG_WARN_EMPTY_BODY = YES;
				CLANG_WARN_ENUM_CONVERSION = YES;
				CLANG_WARN_INT_CONVERSION = YES;
				CLANG_WARN_OBJC_ROOT_CLASS = YES_ERROR;
				CLANG_WARN_UNREACHABLE_CODE = YES;
				CLANG_WARN__DUPLICATE_METHOD_MATCH = YES;
				"CODE_SIGN_IDENTITY[sdk=iphoneos*]" = "iPhone Developer";
				COPY_PHASE_STRIP = NO;
				DEBUG_INFORMATION_FORMAT = dwarf;
				ENABLE_STRICT_OBJC_MSGSEND = YES;
				ENABLE_TESTABILITY = YES;
				GCC_C_LANGUAGE_STANDARD = gnu99;
				GCC_DYNAMIC_NO_PIC = NO;
				GCC_NO_COMMON_BLOCKS = YES;
				GCC_OPTIMIZATION_LEVEL = 0;
				GCC_PREPROCESSOR_DEFINITIONS = (
					"DEBUG=1",
					"$(inherited)",
				);
				GCC_WARN_64_TO_32_BIT_CONVERSION = YES;
				GCC_WARN_ABOUT_RETURN_TYPE = YES_ERROR;
				GCC_WARN_UNDECLARED_SELECTOR = YES;
				GCC_WARN_UNINITIALIZED_AUTOS = YES_AGGRESSIVE;
				GCC_WARN_UNUSED_FUNCTION = YES;
				GCC_WARN_UNUSED_VARIABLE = YES;
				IPHONEOS_DEPLOYMENT_TARGET = 9.3;
				MTL_ENABLE_DEBUG_INFO = YES;
				ONLY_ACTIVE_ARCH = YES;
				SDKROOT = iphoneos;
			};
			name = Debug;
		};
		D410745A1D37D4E20019D1CB /* Release */ = {
			isa = XCBuildConfiguration;
			buildSettings = {
				ALWAYS_SEARCH_USER_PATHS = NO;
				CLANG_ANALYZER_NONNULL = YES;
				CLANG_CXX_LANGUAGE_STANDARD = "gnu++0x";
				CLANG_CXX_LIBRARY = "libc++";
				CLANG_ENABLE_MODULES = YES;
				CLANG_ENABLE_OBJC_ARC = YES;
				CLANG_WARN_BOOL_CONVERSION = YES;
				CLANG_WARN_CONSTANT_CONVERSION = YES;
				CLANG_WARN_DIRECT_OBJC_ISA_USAGE = YES_ERROR;
				CLANG_WARN_EMPTY_BODY = YES;
				CLANG_WARN_ENUM_CONVERSION = YES;
				CLANG_WARN_INT_CONVERSION = YES;
				CLANG_WARN_OBJC_ROOT_CLASS = YES_ERROR;
				CLANG_WARN_UNREACHABLE_CODE = YES;
				CLANG_WARN__DUPLICATE_METHOD_MATCH = YES;
				"CODE_SIGN_IDENTITY[sdk=iphoneos*]" = "iPhone Developer";
				COPY_PHASE_STRIP = NO;
				DEBUG_INFORMATION_FORMAT = "dwarf-with-dsym";
				ENABLE_NS_ASSERTIONS = NO;
				ENABLE_STRICT_OBJC_MSGSEND = YES;
				GCC_C_LANGUAGE_STANDARD = gnu99;
				GCC_NO_COMMON_BLOCKS = YES;
				GCC_WARN_64_TO_32_BIT_CONVERSION = YES;
				GCC_WARN_ABOUT_RETURN_TYPE = YES_ERROR;
				GCC_WARN_UNDECLARED_SELECTOR = YES;
				GCC_WARN_UNINITIALIZED_AUTOS = YES_AGGRESSIVE;
				GCC_WARN_UNUSED_FUNCTION = YES;
				GCC_WARN_UNUSED_VARIABLE = YES;
				IPHONEOS_DEPLOYMENT_TARGET = 9.3;
				MTL_ENABLE_DEBUG_INFO = NO;
				SDKROOT = iphoneos;
				VALIDATE_PRODUCT = YES;
			};
			name = Release;
		};
		D410745C1D37D4E20019D1CB /* Debug */ = {
			isa = XCBuildConfiguration;
			baseConfigurationReference = 08DA1CDC7518DF3018C6144F /* Pods-MemoryLane.debug.xcconfig */;
			buildSettings = {
				ASSETCATALOG_COMPILER_APPICON_NAME = AppIcon;
				CODE_SIGN_IDENTITY = "iPhone Developer";
				"CODE_SIGN_IDENTITY[sdk=iphoneos*]" = "iPhone Developer";
				INFOPLIST_FILE = MemoryLane/Info.plist;
				LD_RUNPATH_SEARCH_PATHS = "$(inherited) @executable_path/Frameworks";
				PRODUCT_BUNDLE_IDENTIFIER = com.detroitlabs.MemoryLane;
				PRODUCT_NAME = "$(TARGET_NAME)";
				PROVISIONING_PROFILE = "";
			};
			name = Debug;
		};
		D410745D1D37D4E20019D1CB /* Release */ = {
			isa = XCBuildConfiguration;
			baseConfigurationReference = B80A325D84A3056B7C165306 /* Pods-MemoryLane.release.xcconfig */;
			buildSettings = {
				ASSETCATALOG_COMPILER_APPICON_NAME = AppIcon;
				CODE_SIGN_IDENTITY = "iPhone Developer";
				"CODE_SIGN_IDENTITY[sdk=iphoneos*]" = "iPhone Developer";
				INFOPLIST_FILE = MemoryLane/Info.plist;
				LD_RUNPATH_SEARCH_PATHS = "$(inherited) @executable_path/Frameworks";
				PRODUCT_BUNDLE_IDENTIFIER = com.detroitlabs.MemoryLane;
				PRODUCT_NAME = "$(TARGET_NAME)";
				PROVISIONING_PROFILE = "";
			};
			name = Release;
		};
/* End XCBuildConfiguration section */

/* Begin XCConfigurationList section */
		D410743F1D37D4E10019D1CB /* Build configuration list for PBXProject "MemoryLane" */ = {
			isa = XCConfigurationList;
			buildConfigurations = (
				D41074591D37D4E20019D1CB /* Debug */,
				D410745A1D37D4E20019D1CB /* Release */,
			);
			defaultConfigurationIsVisible = 0;
			defaultConfigurationName = Release;
		};
		D410745B1D37D4E20019D1CB /* Build configuration list for PBXNativeTarget "MemoryLane" */ = {
			isa = XCConfigurationList;
			buildConfigurations = (
				D410745C1D37D4E20019D1CB /* Debug */,
				D410745D1D37D4E20019D1CB /* Release */,
			);
			defaultConfigurationIsVisible = 0;
			defaultConfigurationName = Release;
		};
/* End XCConfigurationList section */
	};
	rootObject = D410743C1D37D4E10019D1CB /* Project object */;
}
